// !$*UTF8*$!
{
	archiveVersion = 1;
	classes = {
	};
	objectVersion = 46;
	objects = {

/* Begin PBXBuildFile section */
		C2F5C0843FAF437DBB24735F /* libPods.a in Frameworks */ = {isa = PBXBuildFile; fileRef = D331F552501C46999EAD2613 /* libPods.a */; };
		F0322360182396A900E7EA41 /* Foundation.framework in Frameworks */ = {isa = PBXBuildFile; fileRef = F032235F182396A900E7EA41 /* Foundation.framework */; };
		F0322365182396A900E7EA41 /* ReactiveForm.h in CopyFiles */ = {isa = PBXBuildFile; fileRef = F0322364182396A900E7EA41 /* ReactiveForm.h */; };
		F032236E182396A900E7EA41 /* XCTest.framework in Frameworks */ = {isa = PBXBuildFile; fileRef = F032236D182396A900E7EA41 /* XCTest.framework */; };
		F032236F182396A900E7EA41 /* Foundation.framework in Frameworks */ = {isa = PBXBuildFile; fileRef = F032235F182396A900E7EA41 /* Foundation.framework */; };
		F0322371182396A900E7EA41 /* UIKit.framework in Frameworks */ = {isa = PBXBuildFile; fileRef = F0322370182396A900E7EA41 /* UIKit.framework */; };
		F0322374182396A900E7EA41 /* libReactiveForm.a in Frameworks */ = {isa = PBXBuildFile; fileRef = F032235C182396A900E7EA41 /* libReactiveForm.a */; };
		F032237A182396A900E7EA41 /* InfoPlist.strings in Resources */ = {isa = PBXBuildFile; fileRef = F0322378182396A900E7EA41 /* InfoPlist.strings */; };
		F032237C182396A900E7EA41 /* ReactiveFormTests.m in Sources */ = {isa = PBXBuildFile; fileRef = F032237B182396A900E7EA41 /* ReactiveFormTests.m */; };
		F03223C31823A3C900E7EA41 /* RFBackingField.m in Sources */ = {isa = PBXBuildFile; fileRef = F032238A1823A3C900E7EA41 /* RFBackingField.m */; };
		F03223C41823A3C900E7EA41 /* RFBackingForm.m in Sources */ = {isa = PBXBuildFile; fileRef = F032238C1823A3C900E7EA41 /* RFBackingForm.m */; };
		F03223C51823A3C900E7EA41 /* RFBackingObject.m in Sources */ = {isa = PBXBuildFile; fileRef = F032238E1823A3C900E7EA41 /* RFBackingObject.m */; };
		F03223C61823A3C900E7EA41 /* RFBackingSection.m in Sources */ = {isa = PBXBuildFile; fileRef = F03223901823A3C900E7EA41 /* RFBackingSection.m */; };
		F03223C71823A3C900E7EA41 /* RFBackingModel.xcdatamodeld in Sources */ = {isa = PBXBuildFile; fileRef = F03223911823A3C900E7EA41 /* RFBackingModel.xcdatamodeld */; };
		F03223C81823A3C900E7EA41 /* RFBackingStructureBuilder.m in Sources */ = {isa = PBXBuildFile; fileRef = F03223941823A3C900E7EA41 /* RFBackingStructureBuilder.m */; };
		F03223CB1823A3C900E7EA41 /* RFMask.m in Sources */ = {isa = PBXBuildFile; fileRef = F032239D1823A3C900E7EA41 /* RFMask.m */; };
		F03223CD1823A3C900E7EA41 /* RFActionField.m in Sources */ = {isa = PBXBuildFile; fileRef = F03223A21823A3C900E7EA41 /* RFActionField.m */; };
		F03223CE1823A3C900E7EA41 /* RFChoice.m in Sources */ = {isa = PBXBuildFile; fileRef = F03223A41823A3C900E7EA41 /* RFChoice.m */; };
		F03223CF1823A3C900E7EA41 /* RFChoiceField.m in Sources */ = {isa = PBXBuildFile; fileRef = F03223A61823A3C900E7EA41 /* RFChoiceField.m */; };
		F03223D01823A3C900E7EA41 /* RFField.m in Sources */ = {isa = PBXBuildFile; fileRef = F03223A81823A3C900E7EA41 /* RFField.m */; };
		F03223D11823A3C900E7EA41 /* RFTextField.m in Sources */ = {isa = PBXBuildFile; fileRef = F03223AA1823A3C900E7EA41 /* RFTextField.m */; };
		F03223D21823A3C900E7EA41 /* RFContainer.m in Sources */ = {isa = PBXBuildFile; fileRef = F03223AD1823A3C900E7EA41 /* RFContainer.m */; };
		F03223D31823A3C900E7EA41 /* RFSection.m in Sources */ = {isa = PBXBuildFile; fileRef = F03223B11823A3C900E7EA41 /* RFSection.m */; };
		F03223D41823A3C900E7EA41 /* RFSignalContainer.m in Sources */ = {isa = PBXBuildFile; fileRef = F03223B31823A3C900E7EA41 /* RFSignalContainer.m */; };
		F03223D51823A3C900E7EA41 /* RFValidator.m in Sources */ = {isa = PBXBuildFile; fileRef = F03223B51823A3C900E7EA41 /* RFValidator.m */; };
		F03223D91823A3C900E7EA41 /* RFForm.m in Sources */ = {isa = PBXBuildFile; fileRef = F03223BF1823A3C900E7EA41 /* RFForm.m */; };
		F03223DA1823A3C900E7EA41 /* RFFormController.m in Sources */ = {isa = PBXBuildFile; fileRef = F03223C11823A3C900E7EA41 /* RFFormController.m */; };
		F03223DE1823A5AE00E7EA41 /* RFMaskComponent.m in Sources */ = {isa = PBXBuildFile; fileRef = F03223DD1823A5AE00E7EA41 /* RFMaskComponent.m */; };
		F03223E01823AF0400E7EA41 /* RFValidatorSpec.m in Sources */ = {isa = PBXBuildFile; fileRef = F03223DF1823AF0400E7EA41 /* RFValidatorSpec.m */; };
		F03223ED1823B5BE00E7EA41 /* NSObject+Rule.m in Sources */ = {isa = PBXBuildFile; fileRef = F03223E41823B5BE00E7EA41 /* NSObject+Rule.m */; };
		F03223EE1823B5BE00E7EA41 /* RFField+RFRuleCreation.m in Sources */ = {isa = PBXBuildFile; fileRef = F03223E61823B5BE00E7EA41 /* RFField+RFRuleCreation.m */; };
		F03223EF1823B5BE00E7EA41 /* RFFieldViewController.m in Sources */ = {isa = PBXBuildFile; fileRef = F03223E81823B5BE00E7EA41 /* RFFieldViewController.m */; };
		F03223F01823B5BE00E7EA41 /* RFRule.m in Sources */ = {isa = PBXBuildFile; fileRef = F03223EA1823B5BE00E7EA41 /* RFRule.m */; };
		F03223F11823B5BE00E7EA41 /* RFRuleBasedFactory.m in Sources */ = {isa = PBXBuildFile; fileRef = F03223EC1823B5BE00E7EA41 /* RFRuleBasedFactory.m */; };
		FADB8193E94848739BE5390C /* libPods-ReactiveFormTests.a in Frameworks */ = {isa = PBXBuildFile; fileRef = 6FF6C90513EB4582870CAFF0 /* libPods-ReactiveFormTests.a */; };
/* End PBXBuildFile section */

/* Begin PBXContainerItemProxy section */
		F0322372182396A900E7EA41 /* PBXContainerItemProxy */ = {
			isa = PBXContainerItemProxy;
			containerPortal = F0322354182396A900E7EA41 /* Project object */;
			proxyType = 1;
			remoteGlobalIDString = F032235B182396A900E7EA41;
			remoteInfo = ReactiveForm;
		};
/* End PBXContainerItemProxy section */

/* Begin PBXCopyFilesBuildPhase section */
		F032235A182396A900E7EA41 /* CopyFiles */ = {
			isa = PBXCopyFilesBuildPhase;
			buildActionMask = 2147483647;
			dstPath = "include/$(PRODUCT_NAME)";
			dstSubfolderSpec = 16;
			files = (
				F0322365182396A900E7EA41 /* ReactiveForm.h in CopyFiles */,
			);
			runOnlyForDeploymentPostprocessing = 0;
		};
/* End PBXCopyFilesBuildPhase section */

/* Begin PBXFileReference section */
		1A55FF9193C841FDB55F93FF /* Pods.xcconfig */ = {isa = PBXFileReference; includeInIndex = 1; lastKnownFileType = text.xcconfig; name = Pods.xcconfig; path = Pods/Pods.xcconfig; sourceTree = "<group>"; };
		6FF6C90513EB4582870CAFF0 /* libPods-ReactiveFormTests.a */ = {isa = PBXFileReference; explicitFileType = archive.ar; includeInIndex = 0; path = "libPods-ReactiveFormTests.a"; sourceTree = BUILT_PRODUCTS_DIR; };
		D331F552501C46999EAD2613 /* libPods.a */ = {isa = PBXFileReference; explicitFileType = archive.ar; includeInIndex = 0; path = libPods.a; sourceTree = BUILT_PRODUCTS_DIR; };
		D79740FD55D240D7B5FAA972 /* Pods-ReactiveFormTests.xcconfig */ = {isa = PBXFileReference; includeInIndex = 1; lastKnownFileType = text.xcconfig; name = "Pods-ReactiveFormTests.xcconfig"; path = "Pods/Pods-ReactiveFormTests.xcconfig"; sourceTree = "<group>"; };
		F032235C182396A900E7EA41 /* libReactiveForm.a */ = {isa = PBXFileReference; explicitFileType = archive.ar; includeInIndex = 0; path = libReactiveForm.a; sourceTree = BUILT_PRODUCTS_DIR; };
		F032235F182396A900E7EA41 /* Foundation.framework */ = {isa = PBXFileReference; lastKnownFileType = wrapper.framework; name = Foundation.framework; path = System/Library/Frameworks/Foundation.framework; sourceTree = SDKROOT; };
		F0322363182396A900E7EA41 /* ReactiveForm-Prefix.pch */ = {isa = PBXFileReference; lastKnownFileType = sourcecode.c.h; path = "ReactiveForm-Prefix.pch"; sourceTree = "<group>"; };
		F0322364182396A900E7EA41 /* ReactiveForm.h */ = {isa = PBXFileReference; lastKnownFileType = sourcecode.c.h; path = ReactiveForm.h; sourceTree = "<group>"; };
		F032236C182396A900E7EA41 /* ReactiveFormTests.xctest */ = {isa = PBXFileReference; explicitFileType = wrapper.cfbundle; includeInIndex = 0; path = ReactiveFormTests.xctest; sourceTree = BUILT_PRODUCTS_DIR; };
		F032236D182396A900E7EA41 /* XCTest.framework */ = {isa = PBXFileReference; lastKnownFileType = wrapper.framework; name = XCTest.framework; path = Library/Frameworks/XCTest.framework; sourceTree = DEVELOPER_DIR; };
		F0322370182396A900E7EA41 /* UIKit.framework */ = {isa = PBXFileReference; lastKnownFileType = wrapper.framework; name = UIKit.framework; path = Library/Frameworks/UIKit.framework; sourceTree = DEVELOPER_DIR; };
		F0322377182396A900E7EA41 /* ReactiveFormTests-Info.plist */ = {isa = PBXFileReference; lastKnownFileType = text.plist.xml; path = "ReactiveFormTests-Info.plist"; sourceTree = "<group>"; };
		F0322379182396A900E7EA41 /* en */ = {isa = PBXFileReference; lastKnownFileType = text.plist.strings; name = en; path = en.lproj/InfoPlist.strings; sourceTree = "<group>"; };
		F032237B182396A900E7EA41 /* ReactiveFormTests.m */ = {isa = PBXFileReference; lastKnownFileType = sourcecode.c.objc; path = ReactiveFormTests.m; sourceTree = "<group>"; };
		F03223891823A3C900E7EA41 /* RFBackingField.h */ = {isa = PBXFileReference; fileEncoding = 4; lastKnownFileType = sourcecode.c.h; path = RFBackingField.h; sourceTree = "<group>"; };
		F032238A1823A3C900E7EA41 /* RFBackingField.m */ = {isa = PBXFileReference; fileEncoding = 4; lastKnownFileType = sourcecode.c.objc; path = RFBackingField.m; sourceTree = "<group>"; };
		F032238B1823A3C900E7EA41 /* RFBackingForm.h */ = {isa = PBXFileReference; fileEncoding = 4; lastKnownFileType = sourcecode.c.h; path = RFBackingForm.h; sourceTree = "<group>"; };
		F032238C1823A3C900E7EA41 /* RFBackingForm.m */ = {isa = PBXFileReference; fileEncoding = 4; lastKnownFileType = sourcecode.c.objc; path = RFBackingForm.m; sourceTree = "<group>"; };
		F032238D1823A3C900E7EA41 /* RFBackingObject.h */ = {isa = PBXFileReference; fileEncoding = 4; lastKnownFileType = sourcecode.c.h; path = RFBackingObject.h; sourceTree = "<group>"; };
		F032238E1823A3C900E7EA41 /* RFBackingObject.m */ = {isa = PBXFileReference; fileEncoding = 4; lastKnownFileType = sourcecode.c.objc; path = RFBackingObject.m; sourceTree = "<group>"; };
		F032238F1823A3C900E7EA41 /* RFBackingSection.h */ = {isa = PBXFileReference; fileEncoding = 4; lastKnownFileType = sourcecode.c.h; path = RFBackingSection.h; sourceTree = "<group>"; };
		F03223901823A3C900E7EA41 /* RFBackingSection.m */ = {isa = PBXFileReference; fileEncoding = 4; lastKnownFileType = sourcecode.c.objc; path = RFBackingSection.m; sourceTree = "<group>"; };
		F03223921823A3C900E7EA41 /* DFBackingModel.xcdatamodel */ = {isa = PBXFileReference; lastKnownFileType = wrapper.xcdatamodel; path = DFBackingModel.xcdatamodel; sourceTree = "<group>"; };
		F03223931823A3C900E7EA41 /* RFBackingStructureBuilder.h */ = {isa = PBXFileReference; fileEncoding = 4; lastKnownFileType = sourcecode.c.h; path = RFBackingStructureBuilder.h; sourceTree = "<group>"; };
		F03223941823A3C900E7EA41 /* RFBackingStructureBuilder.m */ = {isa = PBXFileReference; fileEncoding = 4; lastKnownFileType = sourcecode.c.objc; path = RFBackingStructureBuilder.m; sourceTree = "<group>"; };
		F032239C1823A3C900E7EA41 /* RFMask.h */ = {isa = PBXFileReference; fileEncoding = 4; lastKnownFileType = sourcecode.c.h; path = RFMask.h; sourceTree = "<group>"; };
		F032239D1823A3C900E7EA41 /* RFMask.m */ = {isa = PBXFileReference; fileEncoding = 4; lastKnownFileType = sourcecode.c.objc; path = RFMask.m; sourceTree = "<group>"; };
		F032239E1823A3C900E7EA41 /* RFMaskComponent.h */ = {isa = PBXFileReference; fileEncoding = 4; lastKnownFileType = sourcecode.c.h; path = RFMaskComponent.h; sourceTree = "<group>"; };
		F03223A11823A3C900E7EA41 /* RFActionField.h */ = {isa = PBXFileReference; fileEncoding = 4; lastKnownFileType = sourcecode.c.h; path = RFActionField.h; sourceTree = "<group>"; };
		F03223A21823A3C900E7EA41 /* RFActionField.m */ = {isa = PBXFileReference; fileEncoding = 4; lastKnownFileType = sourcecode.c.objc; path = RFActionField.m; sourceTree = "<group>"; };
		F03223A31823A3C900E7EA41 /* RFChoice.h */ = {isa = PBXFileReference; fileEncoding = 4; lastKnownFileType = sourcecode.c.h; path = RFChoice.h; sourceTree = "<group>"; };
		F03223A41823A3C900E7EA41 /* RFChoice.m */ = {isa = PBXFileReference; fileEncoding = 4; lastKnownFileType = sourcecode.c.objc; path = RFChoice.m; sourceTree = "<group>"; };
		F03223A51823A3C900E7EA41 /* RFChoiceField.h */ = {isa = PBXFileReference; fileEncoding = 4; lastKnownFileType = sourcecode.c.h; path = RFChoiceField.h; sourceTree = "<group>"; };
		F03223A61823A3C900E7EA41 /* RFChoiceField.m */ = {isa = PBXFileReference; fileEncoding = 4; lastKnownFileType = sourcecode.c.objc; path = RFChoiceField.m; sourceTree = "<group>"; };
		F03223A71823A3C900E7EA41 /* RFField.h */ = {isa = PBXFileReference; fileEncoding = 4; lastKnownFileType = sourcecode.c.h; path = RFField.h; sourceTree = "<group>"; };
		F03223A81823A3C900E7EA41 /* RFField.m */ = {isa = PBXFileReference; fileEncoding = 4; lastKnownFileType = sourcecode.c.objc; path = RFField.m; sourceTree = "<group>"; };
		F03223A91823A3C900E7EA41 /* RFTextField.h */ = {isa = PBXFileReference; fileEncoding = 4; lastKnownFileType = sourcecode.c.h; path = RFTextField.h; sourceTree = "<group>"; };
		F03223AA1823A3C900E7EA41 /* RFTextField.m */ = {isa = PBXFileReference; fileEncoding = 4; lastKnownFileType = sourcecode.c.objc; path = RFTextField.m; sourceTree = "<group>"; };
		F03223AB1823A3C900E7EA41 /* RFTextInputController.h */ = {isa = PBXFileReference; fileEncoding = 4; lastKnownFileType = sourcecode.c.h; path = RFTextInputController.h; sourceTree = "<group>"; };
		F03223AC1823A3C900E7EA41 /* RFContainer.h */ = {isa = PBXFileReference; fileEncoding = 4; lastKnownFileType = sourcecode.c.h; path = RFContainer.h; sourceTree = "<group>"; };
		F03223AD1823A3C900E7EA41 /* RFContainer.m */ = {isa = PBXFileReference; fileEncoding = 4; lastKnownFileType = sourcecode.c.objc; path = RFContainer.m; sourceTree = "<group>"; };
		F03223AE1823A3C900E7EA41 /* RFFormElement.h */ = {isa = PBXFileReference; fileEncoding = 4; lastKnownFileType = sourcecode.c.h; path = RFFormElement.h; sourceTree = "<group>"; };
		F03223AF1823A3C900E7EA41 /* RFSection+Private.h */ = {isa = PBXFileReference; fileEncoding = 4; lastKnownFileType = sourcecode.c.h; path = "RFSection+Private.h"; sourceTree = "<group>"; };
		F03223B01823A3C900E7EA41 /* RFSection.h */ = {isa = PBXFileReference; fileEncoding = 4; lastKnownFileType = sourcecode.c.h; path = RFSection.h; sourceTree = "<group>"; };
		F03223B11823A3C900E7EA41 /* RFSection.m */ = {isa = PBXFileReference; fileEncoding = 4; lastKnownFileType = sourcecode.c.objc; path = RFSection.m; sourceTree = "<group>"; };
		F03223B21823A3C900E7EA41 /* RFSignalContainer.h */ = {isa = PBXFileReference; fileEncoding = 4; lastKnownFileType = sourcecode.c.h; path = RFSignalContainer.h; sourceTree = "<group>"; };
		F03223B31823A3C900E7EA41 /* RFSignalContainer.m */ = {isa = PBXFileReference; fileEncoding = 4; lastKnownFileType = sourcecode.c.objc; path = RFSignalContainer.m; sourceTree = "<group>"; };
		F03223B41823A3C900E7EA41 /* RFValidator.h */ = {isa = PBXFileReference; fileEncoding = 4; lastKnownFileType = sourcecode.c.h; path = RFValidator.h; sourceTree = "<group>"; };
		F03223B51823A3C900E7EA41 /* RFValidator.m */ = {isa = PBXFileReference; fileEncoding = 4; lastKnownFileType = sourcecode.c.objc; path = RFValidator.m; sourceTree = "<group>"; };
		F03223BC1823A3C900E7EA41 /* RFDefines.h */ = {isa = PBXFileReference; fileEncoding = 4; lastKnownFileType = sourcecode.c.h; path = RFDefines.h; sourceTree = "<group>"; };
		F03223BD1823A3C900E7EA41 /* RFForm+Private.h */ = {isa = PBXFileReference; fileEncoding = 4; lastKnownFileType = sourcecode.c.h; path = "RFForm+Private.h"; sourceTree = "<group>"; };
		F03223BE1823A3C900E7EA41 /* RFForm.h */ = {isa = PBXFileReference; fileEncoding = 4; lastKnownFileType = sourcecode.c.h; path = RFForm.h; sourceTree = "<group>"; };
		F03223BF1823A3C900E7EA41 /* RFForm.m */ = {isa = PBXFileReference; fileEncoding = 4; lastKnownFileType = sourcecode.c.objc; path = RFForm.m; sourceTree = "<group>"; };
		F03223C01823A3C900E7EA41 /* RFFormController.h */ = {isa = PBXFileReference; fileEncoding = 4; lastKnownFileType = sourcecode.c.h; path = RFFormController.h; sourceTree = "<group>"; };
		F03223C11823A3C900E7EA41 /* RFFormController.m */ = {isa = PBXFileReference; fileEncoding = 4; lastKnownFileType = sourcecode.c.objc; path = RFFormController.m; sourceTree = "<group>"; };
		F03223DD1823A5AE00E7EA41 /* RFMaskComponent.m */ = {isa = PBXFileReference; fileEncoding = 4; lastKnownFileType = sourcecode.c.objc; path = RFMaskComponent.m; sourceTree = "<group>"; };
		F03223DF1823AF0400E7EA41 /* RFValidatorSpec.m */ = {isa = PBXFileReference; fileEncoding = 4; lastKnownFileType = sourcecode.c.objc; path = RFValidatorSpec.m; sourceTree = "<group>"; };
		F03223E31823B5BE00E7EA41 /* NSObject+Rule.h */ = {isa = PBXFileReference; fileEncoding = 4; lastKnownFileType = sourcecode.c.h; path = "NSObject+Rule.h"; sourceTree = "<group>"; };
		F03223E41823B5BE00E7EA41 /* NSObject+Rule.m */ = {isa = PBXFileReference; fileEncoding = 4; lastKnownFileType = sourcecode.c.objc; path = "NSObject+Rule.m"; sourceTree = "<group>"; };
		F03223E51823B5BE00E7EA41 /* RFField+RFRuleCreation.h */ = {isa = PBXFileReference; fileEncoding = 4; lastKnownFileType = sourcecode.c.h; path = "RFField+RFRuleCreation.h"; sourceTree = "<group>"; };
		F03223E61823B5BE00E7EA41 /* RFField+RFRuleCreation.m */ = {isa = PBXFileReference; fileEncoding = 4; lastKnownFileType = sourcecode.c.objc; path = "RFField+RFRuleCreation.m"; sourceTree = "<group>"; };
		F03223E71823B5BE00E7EA41 /* RFFieldViewController.h */ = {isa = PBXFileReference; fileEncoding = 4; lastKnownFileType = sourcecode.c.h; path = RFFieldViewController.h; sourceTree = "<group>"; };
		F03223E81823B5BE00E7EA41 /* RFFieldViewController.m */ = {isa = PBXFileReference; fileEncoding = 4; lastKnownFileType = sourcecode.c.objc; path = RFFieldViewController.m; sourceTree = "<group>"; };
		F03223E91823B5BE00E7EA41 /* RFRule.h */ = {isa = PBXFileReference; fileEncoding = 4; lastKnownFileType = sourcecode.c.h; path = RFRule.h; sourceTree = "<group>"; };
		F03223EA1823B5BE00E7EA41 /* RFRule.m */ = {isa = PBXFileReference; fileEncoding = 4; lastKnownFileType = sourcecode.c.objc; path = RFRule.m; sourceTree = "<group>"; };
		F03223EB1823B5BE00E7EA41 /* RFRuleBasedFactory.h */ = {isa = PBXFileReference; fileEncoding = 4; lastKnownFileType = sourcecode.c.h; path = RFRuleBasedFactory.h; sourceTree = "<group>"; };
		F03223EC1823B5BE00E7EA41 /* RFRuleBasedFactory.m */ = {isa = PBXFileReference; fileEncoding = 4; lastKnownFileType = sourcecode.c.objc; path = RFRuleBasedFactory.m; sourceTree = "<group>"; };
/* End PBXFileReference section */

/* Begin PBXFrameworksBuildPhase section */
		F0322359182396A900E7EA41 /* Frameworks */ = {
			isa = PBXFrameworksBuildPhase;
			buildActionMask = 2147483647;
			files = (
				F0322360182396A900E7EA41 /* Foundation.framework in Frameworks */,
				C2F5C0843FAF437DBB24735F /* libPods.a in Frameworks */,
			);
			runOnlyForDeploymentPostprocessing = 0;
		};
		F0322369182396A900E7EA41 /* Frameworks */ = {
			isa = PBXFrameworksBuildPhase;
			buildActionMask = 2147483647;
			files = (
				F032236E182396A900E7EA41 /* XCTest.framework in Frameworks */,
				F0322371182396A900E7EA41 /* UIKit.framework in Frameworks */,
				F0322374182396A900E7EA41 /* libReactiveForm.a in Frameworks */,
				F032236F182396A900E7EA41 /* Foundation.framework in Frameworks */,
				FADB8193E94848739BE5390C /* libPods-ReactiveFormTests.a in Frameworks */,
			);
			runOnlyForDeploymentPostprocessing = 0;
		};
/* End PBXFrameworksBuildPhase section */

/* Begin PBXGroup section */
		F0322353182396A900E7EA41 = {
			isa = PBXGroup;
			children = (
				F0322361182396A900E7EA41 /* ReactiveForm */,
				F0322375182396A900E7EA41 /* ReactiveFormTests */,
				F032235E182396A900E7EA41 /* Frameworks */,
				F032235D182396A900E7EA41 /* Products */,
				1A55FF9193C841FDB55F93FF /* Pods.xcconfig */,
				D79740FD55D240D7B5FAA972 /* Pods-ReactiveFormTests.xcconfig */,
			);
			sourceTree = "<group>";
		};
		F032235D182396A900E7EA41 /* Products */ = {
			isa = PBXGroup;
			children = (
				F032235C182396A900E7EA41 /* libReactiveForm.a */,
				F032236C182396A900E7EA41 /* ReactiveFormTests.xctest */,
			);
			name = Products;
			sourceTree = "<group>";
		};
		F032235E182396A900E7EA41 /* Frameworks */ = {
			isa = PBXGroup;
			children = (
				F032235F182396A900E7EA41 /* Foundation.framework */,
				F032236D182396A900E7EA41 /* XCTest.framework */,
				F0322370182396A900E7EA41 /* UIKit.framework */,
				D331F552501C46999EAD2613 /* libPods.a */,
				6FF6C90513EB4582870CAFF0 /* libPods-ReactiveFormTests.a */,
			);
			name = Frameworks;
			sourceTree = "<group>";
		};
		F0322361182396A900E7EA41 /* ReactiveForm */ = {
			isa = PBXGroup;
			children = (
				F03223E11823B58700E7EA41 /* UI */,
				F03223851823A3C900E7EA41 /* Core */,
				F0322364182396A900E7EA41 /* ReactiveForm.h */,
				F0322362182396A900E7EA41 /* Supporting Files */,
			);
			path = ReactiveForm;
			sourceTree = "<group>";
		};
		F0322362182396A900E7EA41 /* Supporting Files */ = {
			isa = PBXGroup;
			children = (
				F0322363182396A900E7EA41 /* ReactiveForm-Prefix.pch */,
			);
			name = "Supporting Files";
			sourceTree = "<group>";
		};
		F0322375182396A900E7EA41 /* ReactiveFormTests */ = {
			isa = PBXGroup;
			children = (
				F032237B182396A900E7EA41 /* ReactiveFormTests.m */,
				F03223DF1823AF0400E7EA41 /* RFValidatorSpec.m */,
				F0322376182396A900E7EA41 /* Supporting Files */,
			);
			path = ReactiveFormTests;
			sourceTree = "<group>";
		};
		F0322376182396A900E7EA41 /* Supporting Files */ = {
			isa = PBXGroup;
			children = (
				F0322377182396A900E7EA41 /* ReactiveFormTests-Info.plist */,
				F0322378182396A900E7EA41 /* InfoPlist.strings */,
			);
			name = "Supporting Files";
			sourceTree = "<group>";
		};
		F03223851823A3C900E7EA41 /* Core */ = {
			isa = PBXGroup;
			children = (
				F03223861823A3C900E7EA41 /* Backing Structure */,
				F03223951823A3C900E7EA41 /* Form Elements */,
				F03223BC1823A3C900E7EA41 /* RFDefines.h */,
				F03223BD1823A3C900E7EA41 /* RFForm+Private.h */,
				F03223BE1823A3C900E7EA41 /* RFForm.h */,
				F03223BF1823A3C900E7EA41 /* RFForm.m */,
				F03223C01823A3C900E7EA41 /* RFFormController.h */,
				F03223C11823A3C900E7EA41 /* RFFormController.m */,
			);
			path = Core;
			sourceTree = "<group>";
		};
		F03223861823A3C900E7EA41 /* Backing Structure */ = {
			isa = PBXGroup;
			children = (
				F03223871823A3C900E7EA41 /* Backing Entities */,
				F03223931823A3C900E7EA41 /* RFBackingStructureBuilder.h */,
				F03223941823A3C900E7EA41 /* RFBackingStructureBuilder.m */,
			);
			path = "Backing Structure";
			sourceTree = "<group>";
		};
		F03223871823A3C900E7EA41 /* Backing Entities */ = {
			isa = PBXGroup;
			children = (
				F03223881823A3C900E7EA41 /* Entities */,
				F03223911823A3C900E7EA41 /* RFBackingModel.xcdatamodeld */,
			);
			path = "Backing Entities";
			sourceTree = "<group>";
		};
		F03223881823A3C900E7EA41 /* Entities */ = {
			isa = PBXGroup;
			children = (
				F03223891823A3C900E7EA41 /* RFBackingField.h */,
				F032238A1823A3C900E7EA41 /* RFBackingField.m */,
				F032238B1823A3C900E7EA41 /* RFBackingForm.h */,
				F032238C1823A3C900E7EA41 /* RFBackingForm.m */,
				F032238D1823A3C900E7EA41 /* RFBackingObject.h */,
				F032238E1823A3C900E7EA41 /* RFBackingObject.m */,
				F032238F1823A3C900E7EA41 /* RFBackingSection.h */,
				F03223901823A3C900E7EA41 /* RFBackingSection.m */,
			);
			path = Entities;
			sourceTree = "<group>";
		};
		F03223951823A3C900E7EA41 /* Form Elements */ = {
			isa = PBXGroup;
			children = (
				F03223961823A3C900E7EA41 /* Fields */,
				F03223AC1823A3C900E7EA41 /* RFContainer.h */,
				F03223AD1823A3C900E7EA41 /* RFContainer.m */,
				F03223AE1823A3C900E7EA41 /* RFFormElement.h */,
				F03223AF1823A3C900E7EA41 /* RFSection+Private.h */,
				F03223B01823A3C900E7EA41 /* RFSection.h */,
				F03223B11823A3C900E7EA41 /* RFSection.m */,
				F03223B21823A3C900E7EA41 /* RFSignalContainer.h */,
				F03223B31823A3C900E7EA41 /* RFSignalContainer.m */,
				F03223B41823A3C900E7EA41 /* RFValidator.h */,
				F03223B51823A3C900E7EA41 /* RFValidator.m */,
			);
			path = "Form Elements";
			sourceTree = "<group>";
		};
		F03223961823A3C900E7EA41 /* Fields */ = {
			isa = PBXGroup;
			children = (
				F03223971823A3C900E7EA41 /* Mask */,
				F03223A11823A3C900E7EA41 /* RFActionField.h */,
				F03223A21823A3C900E7EA41 /* RFActionField.m */,
				F03223A31823A3C900E7EA41 /* RFChoice.h */,
				F03223A41823A3C900E7EA41 /* RFChoice.m */,
				F03223A51823A3C900E7EA41 /* RFChoiceField.h */,
				F03223A61823A3C900E7EA41 /* RFChoiceField.m */,
				F03223A71823A3C900E7EA41 /* RFField.h */,
				F03223A81823A3C900E7EA41 /* RFField.m */,
				F03223A91823A3C900E7EA41 /* RFTextField.h */,
				F03223AA1823A3C900E7EA41 /* RFTextField.m */,
				F03223AB1823A3C900E7EA41 /* RFTextInputController.h */,
			);
			path = Fields;
			sourceTree = "<group>";
		};
		F03223971823A3C900E7EA41 /* Mask */ = {
			isa = PBXGroup;
			children = (
				F032239E1823A3C900E7EA41 /* RFMaskComponent.h */,
				F03223DD1823A5AE00E7EA41 /* RFMaskComponent.m */,
				F032239C1823A3C900E7EA41 /* RFMask.h */,
				F032239D1823A3C900E7EA41 /* RFMask.m */,
			);
			path = Mask;
			sourceTree = "<group>";
		};
		F03223E11823B58700E7EA41 /* UI */ = {
			isa = PBXGroup;
			children = (
				F03223E21823B5BE00E7EA41 /* Field View Controller */,
			);
			path = UI;
			sourceTree = "<group>";
		};
		F03223E21823B5BE00E7EA41 /* Field View Controller */ = {
			isa = PBXGroup;
			children = (
				F03223E31823B5BE00E7EA41 /* NSObject+Rule.h */,
				F03223E41823B5BE00E7EA41 /* NSObject+Rule.m */,
				F03223E51823B5BE00E7EA41 /* RFField+RFRuleCreation.h */,
				F03223E61823B5BE00E7EA41 /* RFField+RFRuleCreation.m */,
				F03223E71823B5BE00E7EA41 /* RFFieldViewController.h */,
				F03223E81823B5BE00E7EA41 /* RFFieldViewController.m */,
				F03223E91823B5BE00E7EA41 /* RFRule.h */,
				F03223EA1823B5BE00E7EA41 /* RFRule.m */,
				F03223EB1823B5BE00E7EA41 /* RFRuleBasedFactory.h */,
				F03223EC1823B5BE00E7EA41 /* RFRuleBasedFactory.m */,
			);
			path = "Field View Controller";
			sourceTree = "<group>";
		};
/* End PBXGroup section */

/* Begin PBXNativeTarget section */
		F032235B182396A900E7EA41 /* ReactiveForm */ = {
			isa = PBXNativeTarget;
			buildConfigurationList = F032237F182396A900E7EA41 /* Build configuration list for PBXNativeTarget "ReactiveForm" */;
			buildPhases = (
				C9E4F805B11E42E48F22333E /* Check Pods Manifest.lock */,
				F0322358182396A900E7EA41 /* Sources */,
				F0322359182396A900E7EA41 /* Frameworks */,
				F032235A182396A900E7EA41 /* CopyFiles */,
				CC51F985BC2E4C05AF8B162A /* Copy Pods Resources */,
			);
			buildRules = (
			);
			dependencies = (
			);
			name = ReactiveForm;
			productName = ReactiveForm;
			productReference = F032235C182396A900E7EA41 /* libReactiveForm.a */;
			productType = "com.apple.product-type.library.static";
		};
		F032236B182396A900E7EA41 /* ReactiveFormTests */ = {
			isa = PBXNativeTarget;
			buildConfigurationList = F0322382182396A900E7EA41 /* Build configuration list for PBXNativeTarget "ReactiveFormTests" */;
			buildPhases = (
				C757EC218F4E4061BE84BB91 /* Check Pods Manifest.lock */,
				F0322368182396A900E7EA41 /* Sources */,
				F0322369182396A900E7EA41 /* Frameworks */,
				F032236A182396A900E7EA41 /* Resources */,
				FA71FF0598AC4E15ACF530ED /* Copy Pods Resources */,
			);
			buildRules = (
			);
			dependencies = (
				F0322373182396A900E7EA41 /* PBXTargetDependency */,
			);
			name = ReactiveFormTests;
			productName = ReactiveFormTests;
			productReference = F032236C182396A900E7EA41 /* ReactiveFormTests.xctest */;
			productType = "com.apple.product-type.bundle.unit-test";
		};
/* End PBXNativeTarget section */

/* Begin PBXProject section */
		F0322354182396A900E7EA41 /* Project object */ = {
			isa = PBXProject;
			attributes = {
				CLASSPREFIX = RF;
				LastUpgradeCheck = 0500;
				ORGANIZATIONNAME = "Denis Mikhaylov";
			};
			buildConfigurationList = F0322357182396A900E7EA41 /* Build configuration list for PBXProject "ReactiveForm" */;
			compatibilityVersion = "Xcode 3.2";
			developmentRegion = English;
			hasScannedForEncodings = 0;
			knownRegions = (
				en,
			);
			mainGroup = F0322353182396A900E7EA41;
			productRefGroup = F032235D182396A900E7EA41 /* Products */;
			projectDirPath = "";
			projectRoot = "";
			targets = (
				F032235B182396A900E7EA41 /* ReactiveForm */,
				F032236B182396A900E7EA41 /* ReactiveFormTests */,
			);
		};
/* End PBXProject section */

/* Begin PBXResourcesBuildPhase section */
		F032236A182396A900E7EA41 /* Resources */ = {
			isa = PBXResourcesBuildPhase;
			buildActionMask = 2147483647;
			files = (
				F032237A182396A900E7EA41 /* InfoPlist.strings in Resources */,
			);
			runOnlyForDeploymentPostprocessing = 0;
		};
/* End PBXResourcesBuildPhase section */

/* Begin PBXShellScriptBuildPhase section */
		C757EC218F4E4061BE84BB91 /* Check Pods Manifest.lock */ = {
			isa = PBXShellScriptBuildPhase;
			buildActionMask = 2147483647;
			files = (
			);
			inputPaths = (
			);
			name = "Check Pods Manifest.lock";
			outputPaths = (
			);
			runOnlyForDeploymentPostprocessing = 0;
			shellPath = /bin/sh;
			shellScript = "diff \"${PODS_ROOT}/../Podfile.lock\" \"${PODS_ROOT}/Manifest.lock\" > /dev/null\nif [[ $? != 0 ]] ; then\n    cat << EOM\nerror: The sandbox is not in sync with the Podfile.lock. Run 'pod install' or update your CocoaPods installation.\nEOM\n    exit 1\nfi\n";
			showEnvVarsInLog = 0;
		};
		C9E4F805B11E42E48F22333E /* Check Pods Manifest.lock */ = {
			isa = PBXShellScriptBuildPhase;
			buildActionMask = 2147483647;
			files = (
			);
			inputPaths = (
			);
			name = "Check Pods Manifest.lock";
			outputPaths = (
			);
			runOnlyForDeploymentPostprocessing = 0;
			shellPath = /bin/sh;
			shellScript = "diff \"${PODS_ROOT}/../Podfile.lock\" \"${PODS_ROOT}/Manifest.lock\" > /dev/null\nif [[ $? != 0 ]] ; then\n    cat << EOM\nerror: The sandbox is not in sync with the Podfile.lock. Run 'pod install' or update your CocoaPods installation.\nEOM\n    exit 1\nfi\n";
			showEnvVarsInLog = 0;
		};
		CC51F985BC2E4C05AF8B162A /* Copy Pods Resources */ = {
			isa = PBXShellScriptBuildPhase;
			buildActionMask = 2147483647;
			files = (
			);
			inputPaths = (
			);
			name = "Copy Pods Resources";
			outputPaths = (
			);
			runOnlyForDeploymentPostprocessing = 0;
			shellPath = /bin/sh;
			shellScript = "\"${SRCROOT}/Pods/Pods-resources.sh\"\n";
			showEnvVarsInLog = 0;
		};
		FA71FF0598AC4E15ACF530ED /* Copy Pods Resources */ = {
			isa = PBXShellScriptBuildPhase;
			buildActionMask = 2147483647;
			files = (
			);
			inputPaths = (
			);
			name = "Copy Pods Resources";
			outputPaths = (
			);
			runOnlyForDeploymentPostprocessing = 0;
			shellPath = /bin/sh;
			shellScript = "\"${SRCROOT}/Pods/Pods-ReactiveFormTests-resources.sh\"\n";
			showEnvVarsInLog = 0;
		};
/* End PBXShellScriptBuildPhase section */

/* Begin PBXSourcesBuildPhase section */
		F0322358182396A900E7EA41 /* Sources */ = {
			isa = PBXSourcesBuildPhase;
			buildActionMask = 2147483647;
			files = (
				F03223C41823A3C900E7EA41 /* RFBackingForm.m in Sources */,
				F03223D31823A3C900E7EA41 /* RFSection.m in Sources */,
				F03223DE1823A5AE00E7EA41 /* RFMaskComponent.m in Sources */,
				F03223C81823A3C900E7EA41 /* RFBackingStructureBuilder.m in Sources */,
				F03223CD1823A3C900E7EA41 /* RFActionField.m in Sources */,
				F03223D91823A3C900E7EA41 /* RFForm.m in Sources */,
				F03223C31823A3C900E7EA41 /* RFBackingField.m in Sources */,
				F03223C51823A3C900E7EA41 /* RFBackingObject.m in Sources */,
				F03223D21823A3C900E7EA41 /* RFContainer.m in Sources */,
				F03223ED1823B5BE00E7EA41 /* NSObject+Rule.m in Sources */,
				F03223C61823A3C900E7EA41 /* RFBackingSection.m in Sources */,
				F03223CB1823A3C900E7EA41 /* RFMask.m in Sources */,
				F03223D11823A3C900E7EA41 /* RFTextField.m in Sources */,
				F03223EF1823B5BE00E7EA41 /* RFFieldViewController.m in Sources */,
				F03223EE1823B5BE00E7EA41 /* RFField+RFRuleCreation.m in Sources */,
				F03223CE1823A3C900E7EA41 /* RFChoice.m in Sources */,
				F03223F01823B5BE00E7EA41 /* RFRule.m in Sources */,
				F03223D01823A3C900E7EA41 /* RFField.m in Sources */,
				F03223C71823A3C900E7EA41 /* RFBackingModel.xcdatamodeld in Sources */,
				F03223D41823A3C900E7EA41 /* RFSignalContainer.m in Sources */,
				F03223DA1823A3C900E7EA41 /* RFFormController.m in Sources */,
				F03223D51823A3C900E7EA41 /* RFValidator.m in Sources */,
				F03223F11823B5BE00E7EA41 /* RFRuleBasedFactory.m in Sources */,
				F03223CF1823A3C900E7EA41 /* RFChoiceField.m in Sources */,
			);
			runOnlyForDeploymentPostprocessing = 0;
		};
		F0322368182396A900E7EA41 /* Sources */ = {
			isa = PBXSourcesBuildPhase;
			buildActionMask = 2147483647;
			files = (
				F032237C182396A900E7EA41 /* ReactiveFormTests.m in Sources */,
				F03223E01823AF0400E7EA41 /* RFValidatorSpec.m in Sources */,
			);
			runOnlyForDeploymentPostprocessing = 0;
		};
/* End PBXSourcesBuildPhase section */

/* Begin PBXTargetDependency section */
		F0322373182396A900E7EA41 /* PBXTargetDependency */ = {
			isa = PBXTargetDependency;
			target = F032235B182396A900E7EA41 /* ReactiveForm */;
			targetProxy = F0322372182396A900E7EA41 /* PBXContainerItemProxy */;
		};
/* End PBXTargetDependency section */

/* Begin PBXVariantGroup section */
		F0322378182396A900E7EA41 /* InfoPlist.strings */ = {
			isa = PBXVariantGroup;
			children = (
				F0322379182396A900E7EA41 /* en */,
			);
			name = InfoPlist.strings;
			sourceTree = "<group>";
		};
/* End PBXVariantGroup section */

/* Begin XCBuildConfiguration section */
		F032237D182396A900E7EA41 /* Debug */ = {
			isa = XCBuildConfiguration;
			buildSettings = {
				ALWAYS_SEARCH_USER_PATHS = NO;
				ARCHS = "$(ARCHS_STANDARD)";
				CLANG_CXX_LANGUAGE_STANDARD = "gnu++0x";
				CLANG_CXX_LIBRARY = "libc++";
				CLANG_ENABLE_MODULES = YES;
				CLANG_ENABLE_OBJC_ARC = YES;
				CLANG_WARN_BOOL_CONVERSION = YES;
				CLANG_WARN_CONSTANT_CONVERSION = YES;
				CLANG_WARN_DIRECT_OBJC_ISA_USAGE = YES_ERROR;
				CLANG_WARN_EMPTY_BODY = YES;
				CLANG_WARN_ENUM_CONVERSION = YES;
				CLANG_WARN_INT_CONVERSION = YES;
				CLANG_WARN_OBJC_ROOT_CLASS = YES_ERROR;
				CLANG_WARN__DUPLICATE_METHOD_MATCH = YES;
				COPY_PHASE_STRIP = NO;
				GCC_C_LANGUAGE_STANDARD = gnu99;
				GCC_DYNAMIC_NO_PIC = NO;
				GCC_OPTIMIZATION_LEVEL = 0;
				GCC_PREPROCESSOR_DEFINITIONS = (
					"DEBUG=1",
					"$(inherited)",
				);
				GCC_SYMBOLS_PRIVATE_EXTERN = NO;
				GCC_WARN_64_TO_32_BIT_CONVERSION = YES;
				GCC_WARN_ABOUT_RETURN_TYPE = YES_ERROR;
				GCC_WARN_UNDECLARED_SELECTOR = YES;
				GCC_WARN_UNINITIALIZED_AUTOS = YES;
				GCC_WARN_UNUSED_FUNCTION = YES;
				GCC_WARN_UNUSED_VARIABLE = YES;
				IPHONEOS_DEPLOYMENT_TARGET = 5.0;
				ONLY_ACTIVE_ARCH = YES;
				SDKROOT = iphoneos;
			};
			name = Debug;
		};
		F032237E182396A900E7EA41 /* Release */ = {
			isa = XCBuildConfiguration;
			buildSettings = {
				ALWAYS_SEARCH_USER_PATHS = NO;
				ARCHS = "$(ARCHS_STANDARD)";
				CLANG_CXX_LANGUAGE_STANDARD = "gnu++0x";
				CLANG_CXX_LIBRARY = "libc++";
				CLANG_ENABLE_MODULES = YES;
				CLANG_ENABLE_OBJC_ARC = YES;
				CLANG_WARN_BOOL_CONVERSION = YES;
				CLANG_WARN_CONSTANT_CONVERSION = YES;
				CLANG_WARN_DIRECT_OBJC_ISA_USAGE = YES_ERROR;
				CLANG_WARN_EMPTY_BODY = YES;
				CLANG_WARN_ENUM_CONVERSION = YES;
				CLANG_WARN_INT_CONVERSION = YES;
				CLANG_WARN_OBJC_ROOT_CLASS = YES_ERROR;
				CLANG_WARN__DUPLICATE_METHOD_MATCH = YES;
				COPY_PHASE_STRIP = YES;
				ENABLE_NS_ASSERTIONS = NO;
				GCC_C_LANGUAGE_STANDARD = gnu99;
				GCC_WARN_64_TO_32_BIT_CONVERSION = YES;
				GCC_WARN_ABOUT_RETURN_TYPE = YES_ERROR;
				GCC_WARN_UNDECLARED_SELECTOR = YES;
				GCC_WARN_UNINITIALIZED_AUTOS = YES;
				GCC_WARN_UNUSED_FUNCTION = YES;
				GCC_WARN_UNUSED_VARIABLE = YES;
				IPHONEOS_DEPLOYMENT_TARGET = 5.0;
				SDKROOT = iphoneos;
				VALIDATE_PRODUCT = YES;
			};
			name = Release;
		};
		F0322380182396A900E7EA41 /* Debug */ = {
			isa = XCBuildConfiguration;
			baseConfigurationReference = 1A55FF9193C841FDB55F93FF /* Pods.xcconfig */;
			buildSettings = {
				DSTROOT = /tmp/ReactiveForm.dst;
				GCC_PRECOMPILE_PREFIX_HEADER = YES;
				GCC_PREFIX_HEADER = "ReactiveForm/ReactiveForm-Prefix.pch";
				OTHER_LDFLAGS = (
					"-ObjC",
					"$(inherited)",
				);
				PRODUCT_NAME = "$(TARGET_NAME)";
				SKIP_INSTALL = YES;
			};
			name = Debug;
		};
		F0322381182396A900E7EA41 /* Release */ = {
			isa = XCBuildConfiguration;
			baseConfigurationReference = 1A55FF9193C841FDB55F93FF /* Pods.xcconfig */;
			buildSettings = {
				DSTROOT = /tmp/ReactiveForm.dst;
				GCC_PRECOMPILE_PREFIX_HEADER = YES;
				GCC_PREFIX_HEADER = "ReactiveForm/ReactiveForm-Prefix.pch";
				OTHER_LDFLAGS = (
					"-ObjC",
					"$(inherited)",
				);
				PRODUCT_NAME = "$(TARGET_NAME)";
				SKIP_INSTALL = YES;
			};
			name = Release;
		};
		F0322383182396A900E7EA41 /* Debug */ = {
			isa = XCBuildConfiguration;
			baseConfigurationReference = D79740FD55D240D7B5FAA972 /* Pods-ReactiveFormTests.xcconfig */;
			buildSettings = {
				ARCHS = "$(ARCHS_STANDARD_INCLUDING_64_BIT)";
				FRAMEWORK_SEARCH_PATHS = (
					"$(SDKROOT)/Developer/Library/Frameworks",
					"$(inherited)",
					"$(DEVELOPER_FRAMEWORKS_DIR)",
				);
				GCC_PRECOMPILE_PREFIX_HEADER = YES;
				GCC_PREFIX_HEADER = "ReactiveForm/ReactiveForm-Prefix.pch";
				GCC_PREPROCESSOR_DEFINITIONS = (
					"DEBUG=1",
					"$(inherited)",
				);
				INFOPLIST_FILE = "ReactiveFormTests/ReactiveFormTests-Info.plist";
				OTHER_LDFLAGS = (
					"-ObjC",
					"-framework",
					SenTestingKit,
					"$(inherited)",
				);
				PRODUCT_NAME = "$(TARGET_NAME)";
				WRAPPER_EXTENSION = xctest;
			};
			name = Debug;
		};
		F0322384182396A900E7EA41 /* Release */ = {
			isa = XCBuildConfiguration;
			baseConfigurationReference = D79740FD55D240D7B5FAA972 /* Pods-ReactiveFormTests.xcconfig */;
			buildSettings = {
				ARCHS = "$(ARCHS_STANDARD_INCLUDING_64_BIT)";
				FRAMEWORK_SEARCH_PATHS = (
					"$(SDKROOT)/Developer/Library/Frameworks",
					"$(inherited)",
					"$(DEVELOPER_FRAMEWORKS_DIR)",
				);
				GCC_PRECOMPILE_PREFIX_HEADER = YES;
				GCC_PREFIX_HEADER = "ReactiveForm/ReactiveForm-Prefix.pch";
				INFOPLIST_FILE = "ReactiveFormTests/ReactiveFormTests-Info.plist";
				OTHER_LDFLAGS = (
					"-ObjC",
					"-framework",
					SenTestingKit,
					"$(inherited)",
				);
				PRODUCT_NAME = "$(TARGET_NAME)";
				WRAPPER_EXTENSION = xctest;
			};
			name = Release;
		};
/* End XCBuildConfiguration section */

/* Begin XCConfigurationList section */
		F0322357182396A900E7EA41 /* Build configuration list for PBXProject "ReactiveForm" */ = {
			isa = XCConfigurationList;
			buildConfigurations = (
				F032237D182396A900E7EA41 /* Debug */,
				F032237E182396A900E7EA41 /* Release */,
			);
			defaultConfigurationIsVisible = 0;
			defaultConfigurationName = Release;
		};
		F032237F182396A900E7EA41 /* Build configuration list for PBXNativeTarget "ReactiveForm" */ = {
			isa = XCConfigurationList;
			buildConfigurations = (
				F0322380182396A900E7EA41 /* Debug */,
				F0322381182396A900E7EA41 /* Release */,
			);
			defaultConfigurationIsVisible = 0;
			defaultConfigurationName = Release;
		};
		F0322382182396A900E7EA41 /* Build configuration list for PBXNativeTarget "ReactiveFormTests" */ = {
			isa = XCConfigurationList;
			buildConfigurations = (
				F0322383182396A900E7EA41 /* Debug */,
				F0322384182396A900E7EA41 /* Release */,
			);
			defaultConfigurationIsVisible = 0;
			defaultConfigurationName = Release;
		};
/* End XCConfigurationList section */

/* Begin XCVersionGroup section */
		F03223911823A3C900E7EA41 /* RFBackingModel.xcdatamodeld */ = {
			isa = XCVersionGroup;
			children = (
				F03223921823A3C900E7EA41 /* DFBackingModel.xcdatamodel */,
			);
			currentVersion = F03223921823A3C900E7EA41 /* DFBackingModel.xcdatamodel */;
			path = RFBackingModel.xcdatamodeld;
			sourceTree = "<group>";
			versionGroupType = wrapper.xcdatamodel;
		};
/* End XCVersionGroup section */
	};
	rootObject = F0322354182396A900E7EA41 /* Project object */;
}
